
Microsoft Visual Studio Solution File, Format Version 12.00
# Visual Studio Version 16
VisualStudioVersion = 16.0.28407.52
MinimumVisualStudioVersion = 10.0.40219.1
Project("{9A19103F-16F7-4668-BE54-9A1E7A4F7556}") = "BigchainDbDriver.Application", "BigchainDbDriver.Application\BigchainDbDriver.Application.csproj", "{718CC467-DD1E-4E92-9838-96C6936F88A0}"
EndProject
Project("{2150E333-8FDC-42A3-9474-1A3956D46DE8}") = "Libs", "Libs", "{036AF865-8380-48C1-B631-AC469C896ABC}"
EndProject
Project("{9A19103F-16F7-4668-BE54-9A1E7A4F7556}") = "BigchainDbDriver.NUnit.Tests", "BigchainDbDriver.NUnit.Tests\BigchainDbDriver.NUnit.Tests.csproj", "{E248030F-FC77-41CC-AA6C-44D59F03908C}"
EndProject
Project("{9A19103F-16F7-4668-BE54-9A1E7A4F7556}") = "BigchainDbDriver", "BigchainDbDriver\BigchainDbDriver.csproj", "{6C3CF038-BDA5-45FB-9764-C0D231A8AABA}"
EndProject
Project("{FAE04EC0-301F-11D3-BF4B-00C04F79EFBC}") = "BigchainDbDriver.Integration", "BigchainDbDriver.Integration\BigchainDbDriver.Integration.csproj", "{7E5E20F2-2A12-47CE-900D-6DAAC20A2ABF}"
EndProject
Global
	GlobalSection(SolutionConfigurationPlatforms) = preSolution
		Debug|Any CPU = Debug|Any CPU
		Release|Any CPU = Release|Any CPU
	EndGlobalSection
	GlobalSection(ProjectConfigurationPlatforms) = postSolution
		{718CC467-DD1E-4E92-9838-96C6936F88A0}.Debug|Any CPU.ActiveCfg = Debug|Any CPU
		{718CC467-DD1E-4E92-9838-96C6936F88A0}.Debug|Any CPU.Build.0 = Debug|Any CPU
		{718CC467-DD1E-4E92-9838-96C6936F88A0}.Release|Any CPU.ActiveCfg = Release|Any CPU
		{718CC467-DD1E-4E92-9838-96C6936F88A0}.Release|Any CPU.Build.0 = Release|Any CPU
		{E248030F-FC77-41CC-AA6C-44D59F03908C}.Debug|Any CPU.ActiveCfg = Debug|Any CPU
		{E248030F-FC77-41CC-AA6C-44D59F03908C}.Debug|Any CPU.Build.0 = Debug|Any CPU
		{E248030F-FC77-41CC-AA6C-44D59F03908C}.Release|Any CPU.ActiveCfg = Release|Any CPU
		{E248030F-FC77-41CC-AA6C-44D59F03908C}.Release|Any CPU.Build.0 = Release|Any CPU
		{6C3CF038-BDA5-45FB-9764-C0D231A8AABA}.Debug|Any CPU.ActiveCfg = Debug|Any CPU
		{6C3CF038-BDA5-45FB-9764-C0D231A8AABA}.Debug|Any CPU.Build.0 = Debug|Any CPU
		{6C3CF038-BDA5-45FB-9764-C0D231A8AABA}.Release|Any CPU.ActiveCfg = Release|Any CPU
		{6C3CF038-BDA5-45FB-9764-C0D231A8AABA}.Release|Any CPU.Build.0 = Release|Any CPU
		{7E5E20F2-2A12-47CE-900D-6DAAC20A2ABF}.Debug|Any CPU.ActiveCfg = Debug|Any CPU
		{7E5E20F2-2A12-47CE-900D-6DAAC20A2ABF}.Debug|Any CPU.Build.0 = Debug|Any CPU
		{7E5E20F2-2A12-47CE-900D-6DAAC20A2ABF}.Release|Any CPU.ActiveCfg = Release|Any CPU
		{7E5E20F2-2A12-47CE-900D-6DAAC20A2ABF}.Release|Any CPU.Build.0 = Release|Any CPU
	EndGlobalSection
	GlobalSection(SolutionProperties) = preSolution
		HideSolutionNode = FALSE
	EndGlobalSection
	GlobalSection(NestedProjects) = preSolution
		{6C3CF038-BDA5-45FB-9764-C0D231A8AABA} = {036AF865-8380-48C1-B631-AC469C896ABC}
	EndGlobalSection
	GlobalSection(ExtensibilityGlobals) = postSolution
		SolutionGuid = {EAA2DAE6-AB8F-459D-9CAF-0C8D356E9575}
	EndGlobalSection
EndGlobal
